
Microsoft Visual Studio Solution File, Format Version 12.00
# Visual Studio 15
VisualStudioVersion = 15.0.28307.572
MinimumVisualStudioVersion = 10.0.40219.1
Project("{9A19103F-16F7-4668-BE54-9A1E7A4F7556}") = "ECommers.Web", "ECommers.Web\ECommers.Web.csproj", "{6396CB56-F203-40F6-8044-81D9BC1567B9}"
EndProject
Project("{9A19103F-16F7-4668-BE54-9A1E7A4F7556}") = "ECommers.Data", "ECommers.Data\ECommers.Data.csproj", "{694436F2-7975-4DE7-9604-4562FC732C65}"
EndProject
Project("{FAE04EC0-301F-11D3-BF4B-00C04F79EFBC}") = "ECommers.Services", "ECommers.Services\ECommers.Services.csproj", "{3B89864F-14EA-44DC-9DD6-528DCE9A0FEB}"
EndProject
Global
	GlobalSection(SolutionConfigurationPlatforms) = preSolution
		Debug|Any CPU = Debug|Any CPU
		Release|Any CPU = Release|Any CPU
	EndGlobalSection
	GlobalSection(ProjectConfigurationPlatforms) = postSolution
		{6396CB56-F203-40F6-8044-81D9BC1567B9}.Debug|Any CPU.ActiveCfg = Debug|Any CPU
		{6396CB56-F203-40F6-8044-81D9BC1567B9}.Debug|Any CPU.Build.0 = Debug|Any CPU
		{6396CB56-F203-40F6-8044-81D9BC1567B9}.Release|Any CPU.ActiveCfg = Release|Any CPU
		{6396CB56-F203-40F6-8044-81D9BC1567B9}.Release|Any CPU.Build.0 = Release|Any CPU
		{694436F2-7975-4DE7-9604-4562FC732C65}.Debug|Any CPU.ActiveCfg = Debug|Any CPU
		{694436F2-7975-4DE7-9604-4562FC732C65}.Debug|Any CPU.Build.0 = Debug|Any CPU
		{694436F2-7975-4DE7-9604-4562FC732C65}.Release|Any CPU.ActiveCfg = Release|Any CPU
		{694436F2-7975-4DE7-9604-4562FC732C65}.Release|Any CPU.Build.0 = Release|Any CPU
		{3B89864F-14EA-44DC-9DD6-528DCE9A0FEB}.Debug|Any CPU.ActiveCfg = Debug|Any CPU
		{3B89864F-14EA-44DC-9DD6-528DCE9A0FEB}.Debug|Any CPU.Build.0 = Debug|Any CPU
		{3B89864F-14EA-44DC-9DD6-528DCE9A0FEB}.Release|Any CPU.ActiveCfg = Release|Any CPU
		{3B89864F-14EA-44DC-9DD6-528DCE9A0FEB}.Release|Any CPU.Build.0 = Release|Any CPU
	EndGlobalSection
	GlobalSection(SolutionProperties) = preSolution
		HideSolutionNode = FALSE
	EndGlobalSection
	GlobalSection(ExtensibilityGlobals) = postSolution
		SolutionGuid = {6F00C06A-8B36-4FA0-8B71-25DB81D1A545}
	EndGlobalSection
EndGlobal
